// !$*UTF8*$!
{
	archiveVersion = 1;
	classes = {
	};
	objectVersion = 48;
	objects = {

/* Begin PBXBuildFile section */
		6E237C6A425B6D197B45426F /* Pods_VideoPlayerKVO.framework in Frameworks */ = {isa = PBXBuildFile; fileRef = D76BB6489D1D497A737EB20E /* Pods_VideoPlayerKVO.framework */; };
		790D7A3E2011B86A00367249 /* AppDelegate.swift in Sources */ = {isa = PBXBuildFile; fileRef = 790D7A3D2011B86A00367249 /* AppDelegate.swift */; };
		790D7A452011B86A00367249 /* Assets.xcassets in Resources */ = {isa = PBXBuildFile; fileRef = 790D7A442011B86A00367249 /* Assets.xcassets */; };
		790D7A482011B86A00367249 /* LaunchScreen.storyboard in Resources */ = {isa = PBXBuildFile; fileRef = 790D7A462011B86A00367249 /* LaunchScreen.storyboard */; };
		7963900B2011BAA8000B122B /* VideoPlayerViewController.swift in Sources */ = {isa = PBXBuildFile; fileRef = 7963900A2011BAA8000B122B /* VideoPlayerViewController.swift */; };
/* End PBXBuildFile section */

/* Begin PBXFileReference section */
		0FF0E37E464FA0580096437C /* Pods-VideoPlayerKVO.release.xcconfig */ = {isa = PBXFileReference; includeInIndex = 1; lastKnownFileType = text.xcconfig; name = "Pods-VideoPlayerKVO.release.xcconfig"; path = "Pods/Target Support Files/Pods-VideoPlayerKVO/Pods-VideoPlayerKVO.release.xcconfig"; sourceTree = "<group>"; };
		48307AEA80CFECEEE288BE3E /* Pods-VideoPlayerKVO.debug.xcconfig */ = {isa = PBXFileReference; includeInIndex = 1; lastKnownFileType = text.xcconfig; name = "Pods-VideoPlayerKVO.debug.xcconfig"; path = "Pods/Target Support Files/Pods-VideoPlayerKVO/Pods-VideoPlayerKVO.debug.xcconfig"; sourceTree = "<group>"; };
		790D7A3A2011B86A00367249 /* VideoPlayerKVO.app */ = {isa = PBXFileReference; explicitFileType = wrapper.application; includeInIndex = 0; path = VideoPlayerKVO.app; sourceTree = BUILT_PRODUCTS_DIR; };
		790D7A3D2011B86A00367249 /* AppDelegate.swift */ = {isa = PBXFileReference; lastKnownFileType = sourcecode.swift; path = AppDelegate.swift; sourceTree = "<group>"; };
		790D7A442011B86A00367249 /* Assets.xcassets */ = {isa = PBXFileReference; lastKnownFileType = folder.assetcatalog; path = Assets.xcassets; sourceTree = "<group>"; };
		790D7A472011B86A00367249 /* Base */ = {isa = PBXFileReference; lastKnownFileType = file.storyboard; name = Base; path = Base.lproj/LaunchScreen.storyboard; sourceTree = "<group>"; };
		790D7A492011B86A00367249 /* Info.plist */ = {isa = PBXFileReference; lastKnownFileType = text.plist.xml; path = Info.plist; sourceTree = "<group>"; };
		7963900A2011BAA8000B122B /* VideoPlayerViewController.swift */ = {isa = PBXFileReference; lastKnownFileType = sourcecode.swift; path = VideoPlayerViewController.swift; sourceTree = "<group>"; };
		D76BB6489D1D497A737EB20E /* Pods_VideoPlayerKVO.framework */ = {isa = PBXFileReference; explicitFileType = wrapper.framework; includeInIndex = 0; path = Pods_VideoPlayerKVO.framework; sourceTree = BUILT_PRODUCTS_DIR; };
/* End PBXFileReference section */

/* Begin PBXFrameworksBuildPhase section */
		790D7A372011B86A00367249 /* Frameworks */ = {
			isa = PBXFrameworksBuildPhase;
			buildActionMask = 2147483647;
			files = (
				6E237C6A425B6D197B45426F /* Pods_VideoPlayerKVO.framework in Frameworks */,
			);
			runOnlyForDeploymentPostprocessing = 0;
		};
/* End PBXFrameworksBuildPhase section */

/* Begin PBXGroup section */
		1C9ED92AA09FCB3BF915D142 /* Frameworks */ = {
			isa = PBXGroup;
			children = (
				D76BB6489D1D497A737EB20E /* Pods_VideoPlayerKVO.framework */,
			);
			name = Frameworks;
			sourceTree = "<group>";
		};
		790D7A312011B86A00367249 = {
			isa = PBXGroup;
			children = (
				790D7A3C2011B86A00367249 /* VideoPlayerKVO */,
				790D7A3B2011B86A00367249 /* Products */,
				F354B7157EFDD59257FCC192 /* Pods */,
				1C9ED92AA09FCB3BF915D142 /* Frameworks */,
			);
			sourceTree = "<group>";
		};
		790D7A3B2011B86A00367249 /* Products */ = {
			isa = PBXGroup;
			children = (
				790D7A3A2011B86A00367249 /* VideoPlayerKVO.app */,
			);
			name = Products;
			sourceTree = "<group>";
		};
		790D7A3C2011B86A00367249 /* VideoPlayerKVO */ = {
			isa = PBXGroup;
			children = (
				790D7A3D2011B86A00367249 /* AppDelegate.swift */,
				7963900A2011BAA8000B122B /* VideoPlayerViewController.swift */,
				790D7A442011B86A00367249 /* Assets.xcassets */,
				790D7A462011B86A00367249 /* LaunchScreen.storyboard */,
				790D7A492011B86A00367249 /* Info.plist */,
			);
			path = VideoPlayerKVO;
			sourceTree = "<group>";
		};
		F354B7157EFDD59257FCC192 /* Pods */ = {
			isa = PBXGroup;
			children = (
				48307AEA80CFECEEE288BE3E /* Pods-VideoPlayerKVO.debug.xcconfig */,
				0FF0E37E464FA0580096437C /* Pods-VideoPlayerKVO.release.xcconfig */,
			);
			name = Pods;
			sourceTree = "<group>";
		};
/* End PBXGroup section */

/* Begin PBXNativeTarget section */
		790D7A392011B86A00367249 /* VideoPlayerKVO */ = {
			isa = PBXNativeTarget;
			buildConfigurationList = 790D7A4C2011B86A00367249 /* Build configuration list for PBXNativeTarget "VideoPlayerKVO" */;
			buildPhases = (
				B6F608B41D08E2CF167DAF5C /* [CP] Check Pods Manifest.lock */,
				790D7A362011B86A00367249 /* Sources */,
				790D7A372011B86A00367249 /* Frameworks */,
				790D7A382011B86A00367249 /* Resources */,
				9DE3D97E7E87DD5B45B4C10C /* [CP] Embed Pods Frameworks */,
				CDB7DCED1570F3EA89014570 /* [CP] Copy Pods Resources */,
				796390092011B9A6000B122B /* SwiftLint */,
			);
			buildRules = (
			);
			dependencies = (
			);
			name = VideoPlayerKVO;
			productName = VideoPlayerKVO;
			productReference = 790D7A3A2011B86A00367249 /* VideoPlayerKVO.app */;
			productType = "com.apple.product-type.application";
		};
/* End PBXNativeTarget section */

/* Begin PBXProject section */
		790D7A322011B86A00367249 /* Project object */ = {
			isa = PBXProject;
			attributes = {
				LastSwiftUpdateCheck = 0920;
				LastUpgradeCheck = 0920;
				ORGANIZATIONNAME = LostRfounds;
				TargetAttributes = {
					790D7A392011B86A00367249 = {
						CreatedOnToolsVersion = 9.2;
						ProvisioningStyle = Automatic;
					};
				};
			};
			buildConfigurationList = 790D7A352011B86A00367249 /* Build configuration list for PBXProject "VideoPlayerKVO" */;
			compatibilityVersion = "Xcode 8.0";
			developmentRegion = en;
			hasScannedForEncodings = 0;
			knownRegions = (
				en,
				Base,
			);
			mainGroup = 790D7A312011B86A00367249;
			productRefGroup = 790D7A3B2011B86A00367249 /* Products */;
			projectDirPath = "";
			projectRoot = "";
			targets = (
				790D7A392011B86A00367249 /* VideoPlayerKVO */,
			);
		};
/* End PBXProject section */

/* Begin PBXResourcesBuildPhase section */
		790D7A382011B86A00367249 /* Resources */ = {
			isa = PBXResourcesBuildPhase;
			buildActionMask = 2147483647;
			files = (
				790D7A482011B86A00367249 /* LaunchScreen.storyboard in Resources */,
				790D7A452011B86A00367249 /* Assets.xcassets in Resources */,
			);
			runOnlyForDeploymentPostprocessing = 0;
		};
/* End PBXResourcesBuildPhase section */

/* Begin PBXShellScriptBuildPhase section */
		796390092011B9A6000B122B /* SwiftLint */ = {
			isa = PBXShellScriptBuildPhase;
			buildActionMask = 2147483647;
			files = (
			);
			inputPaths = (
			);
			name = SwiftLint;
			outputPaths = (
			);
			runOnlyForDeploymentPostprocessing = 0;
			shellPath = /bin/sh;
			shellScript = "\"${PODS_ROOT}/SwiftLint/swiftlint\"";
		};
		9DE3D97E7E87DD5B45B4C10C /* [CP] Embed Pods Frameworks */ = {
			isa = PBXShellScriptBuildPhase;
			buildActionMask = 2147483647;
			files = (
			);
			inputPaths = (
			);
			name = "[CP] Embed Pods Frameworks";
			outputPaths = (
			);
			runOnlyForDeploymentPostprocessing = 0;
			shellPath = /bin/sh;
			shellScript = "\"${SRCROOT}/Pods/Target Support Files/Pods-VideoPlayerKVO/Pods-VideoPlayerKVO-frameworks.sh\"\n";
			showEnvVarsInLog = 0;
		};
		B6F608B41D08E2CF167DAF5C /* [CP] Check Pods Manifest.lock */ = {
			isa = PBXShellScriptBuildPhase;
			buildActionMask = 2147483647;
			files = (
			);
			inputPaths = (
				"${PODS_PODFILE_DIR_PATH}/Podfile.lock",
				"${PODS_ROOT}/Manifest.lock",
			);
			name = "[CP] Check Pods Manifest.lock";
			outputPaths = (
				"$(DERIVED_FILE_DIR)/Pods-VideoPlayerKVO-checkManifestLockResult.txt",
			);
			runOnlyForDeploymentPostprocessing = 0;
			shellPath = /bin/sh;
			shellScript = "diff \"${PODS_PODFILE_DIR_PATH}/Podfile.lock\" \"${PODS_ROOT}/Manifest.lock\" > /dev/null\nif [ $? != 0 ] ; then\n    # print error to STDERR\n    echo \"error: The sandbox is not in sync with the Podfile.lock. Run 'pod install' or update your CocoaPods installation.\" >&2\n    exit 1\nfi\n# This output is used by Xcode 'outputs' to avoid re-running this script phase.\necho \"SUCCESS\" > \"${SCRIPT_OUTPUT_FILE_0}\"\n";
			showEnvVarsInLog = 0;
		};
		CDB7DCED1570F3EA89014570 /* [CP] Copy Pods Resources */ = {
			isa = PBXShellScriptBuildPhase;
			buildActionMask = 2147483647;
			files = (
			);
			inputPaths = (
			);
			name = "[CP] Copy Pods Resources";
			outputPaths = (
			);
			runOnlyForDeploymentPostprocessing = 0;
			shellPath = /bin/sh;
			shellScript = "\"${SRCROOT}/Pods/Target Support Files/Pods-VideoPlayerKVO/Pods-VideoPlayerKVO-resources.sh\"\n";
			showEnvVarsInLog = 0;
		};
/* End PBXShellScriptBuildPhase section */

/* Begin PBXSourcesBuildPhase section */
		790D7A362011B86A00367249 /* Sources */ = {
			isa = PBXSourcesBuildPhase;
			buildActionMask = 2147483647;
			files = (
				790D7A3E2011B86A00367249 /* AppDelegate.swift in Sources */,
				7963900B2011BAA8000B122B /* VideoPlayerViewController.swift in Sources */,
			);
			runOnlyForDeploymentPostprocessing = 0;
		};
/* End PBXSourcesBuildPhase section */

/* Begin PBXVariantGroup section */
		790D7A462011B86A00367249 /* LaunchScreen.storyboard */ = {
			isa = PBXVariantGroup;
			children = (
				790D7A472011B86A00367249 /* Base */,
			);
			name = LaunchScreen.storyboard;
			sourceTree = "<group>";
		};
/* End PBXVariantGroup section */

/* Begin XCBuildConfiguration section */
		790D7A4A2011B86A00367249 /* Debug */ = {
			isa = XCBuildConfiguration;
			buildSettings = {
				ALWAYS_SEARCH_USER_PATHS = NO;
				CLANG_ANALYZER_NONNULL = YES;
				CLANG_ANALYZER_NUMBER_OBJECT_CONVERSION = YES_AGGRESSIVE;
				CLANG_CXX_LANGUAGE_STANDARD = "gnu++14";
				CLANG_CXX_LIBRARY = "libc++";
				CLANG_ENABLE_MODULES = YES;
				CLANG_ENABLE_OBJC_ARC = YES;
				CLANG_WARN_BLOCK_CAPTURE_AUTORELEASING = YES;
				CLANG_WARN_BOOL_CONVERSION = YES;
				CLANG_WARN_COMMA = YES;
				CLANG_WARN_CONSTANT_CONVERSION = YES;
				CLANG_WARN_DIRECT_OBJC_ISA_USAGE = YES_ERROR;
				CLANG_WARN_DOCUMENTATION_COMMENTS = YES;
				CLANG_WARN_EMPTY_BODY = YES;
				CLANG_WARN_ENUM_CONVERSION = YES;
				CLANG_WARN_INFINITE_RECURSION = YES;
				CLANG_WARN_INT_CONVERSION = YES;
				CLANG_WARN_NON_LITERAL_NULL_CONVERSION = YES;
				CLANG_WARN_OBJC_LITERAL_CONVERSION = YES;
				CLANG_WARN_OBJC_ROOT_CLASS = YES_ERROR;
				CLANG_WARN_RANGE_LOOP_ANALYSIS = YES;
				CLANG_WARN_STRICT_PROTOTYPES = YES;
				CLANG_WARN_SUSPICIOUS_MOVE = YES;
				CLANG_WARN_UNGUARDED_AVAILABILITY = YES_AGGRESSIVE;
				CLANG_WARN_UNREACHABLE_CODE = YES;
				CLANG_WARN__DUPLICATE_METHOD_MATCH = YES;
				CODE_SIGN_IDENTITY = "iPhone Developer";
				COPY_PHASE_STRIP = NO;
				DEBUG_INFORMATION_FORMAT = dwarf;
				ENABLE_STRICT_OBJC_MSGSEND = YES;
				ENABLE_TESTABILITY = YES;
				GCC_C_LANGUAGE_STANDARD = gnu11;
				GCC_DYNAMIC_NO_PIC = NO;
				GCC_NO_COMMON_BLOCKS = YES;
				GCC_OPTIMIZATION_LEVEL = 0;
				GCC_PREPROCESSOR_DEFINITIONS = (
					"DEBUG=1",
					"$(inherited)",
				);
				GCC_WARN_64_TO_32_BIT_CONVERSION = YES;
				GCC_WARN_ABOUT_RETURN_TYPE = YES_ERROR;
				GCC_WARN_UNDECLARED_SELECTOR = YES;
				GCC_WARN_UNINITIALIZED_AUTOS = YES_AGGRESSIVE;
				GCC_WARN_UNUSED_FUNCTION = YES;
				GCC_WARN_UNUSED_VARIABLE = YES;
				IPHONEOS_DEPLOYMENT_TARGET = 11.2;
				MTL_ENABLE_DEBUG_INFO = YES;
				ONLY_ACTIVE_ARCH = YES;
				SDKROOT = iphoneos;
				SWIFT_ACTIVE_COMPILATION_CONDITIONS = DEBUG;
				SWIFT_OPTIMIZATION_LEVEL = "-Onone";
			};
			name = Debug;
		};
		790D7A4B2011B86A00367249 /* Release */ = {
			isa = XCBuildConfiguration;
			buildSettings = {
				ALWAYS_SEARCH_USER_PATHS = NO;
				CLANG_ANALYZER_NONNULL = YES;
				CLANG_ANALYZER_NUMBER_OBJECT_CONVERSION = YES_AGGRESSIVE;
				CLANG_CXX_LANGUAGE_STANDARD = "gnu++14";
				CLANG_CXX_LIBRARY = "libc++";
				CLANG_ENABLE_MODULES = YES;
				CLANG_ENABLE_OBJC_ARC = YES;
				CLANG_WARN_BLOCK_CAPTURE_AUTORELEASING = YES;
				CLANG_WARN_BOOL_CONVERSION = YES;
				CLANG_WARN_COMMA = YES;
				CLANG_WARN_CONSTANT_CONVERSION = YES;
				CLANG_WARN_DIRECT_OBJC_ISA_USAGE = YES_ERROR;
				CLANG_WARN_DOCUMENTATION_COMMENTS = YES;
				CLANG_WARN_EMPTY_BODY = YES;
				CLANG_WARN_ENUM_CONVERSION = YES;
				CLANG_WARN_INFINITE_RECURSION = YES;
				CLANG_WARN_INT_CONVERSION = YES;
				CLANG_WARN_NON_LITERAL_NULL_CONVERSION = YES;
				CLANG_WARN_OBJC_LITERAL_CONVERSION = YES;
				CLANG_WARN_OBJC_ROOT_CLASS = YES_ERROR;
				CLANG_WARN_RANGE_LOOP_ANALYSIS = YES;
				CLANG_WARN_STRICT_PROTOTYPES = YES;
				CLANG_WARN_SUSPICIOUS_MOVE = YES;
				CLANG_WARN_UNGUARDED_AVAILABILITY = YES_AGGRESSIVE;
				CLANG_WARN_UNREACHABLE_CODE = YES;
				CLANG_WARN__DUPLICATE_METHOD_MATCH = YES;
				CODE_SIGN_IDENTITY = "iPhone Developer";
				COPY_PHASE_STRIP = NO;
				DEBUG_INFORMATION_FORMAT = "dwarf-with-dsym";
				ENABLE_NS_ASSERTIONS = NO;
				ENABLE_STRICT_OBJC_MSGSEND = YES;
				GCC_C_LANGUAGE_STANDARD = gnu11;
				GCC_NO_COMMON_BLOCKS = YES;
				GCC_WARN_64_TO_32_BIT_CONVERSION = YES;
				GCC_WARN_ABOUT_RETURN_TYPE = YES_ERROR;
				GCC_WARN_UNDECLARED_SELECTOR = YES;
				GCC_WARN_UNINITIALIZED_AUTOS = YES_AGGRESSIVE;
				GCC_WARN_UNUSED_FUNCTION = YES;
				GCC_WARN_UNUSED_VARIABLE = YES;
				IPHONEOS_DEPLOYMENT_TARGET = 11.2;
				MTL_ENABLE_DEBUG_INFO = NO;
				SDKROOT = iphoneos;
				SWIFT_OPTIMIZATION_LEVEL = "-Owholemodule";
				VALIDATE_PRODUCT = YES;
			};
			name = Release;
		};
		790D7A4D2011B86A00367249 /* Debug */ = {
			isa = XCBuildConfiguration;
			baseConfigurationReference = 48307AEA80CFECEEE288BE3E /* Pods-VideoPlayerKVO.debug.xcconfig */;
			buildSettings = {
				ASSETCATALOG_COMPILER_APPICON_NAME = AppIcon;
				CODE_SIGN_STYLE = Automatic;
				DEVELOPMENT_TEAM = W8695FX2Q8;
				INFOPLIST_FILE = VideoPlayerKVO/Info.plist;
				LD_RUNPATH_SEARCH_PATHS = "$(inherited) @executable_path/Frameworks";
				PRODUCT_BUNDLE_IDENTIFIER = com.LostRfounds.VideoPlayerKVO;
				PRODUCT_NAME = "$(TARGET_NAME)";
				SWIFT_VERSION = 4.0;
				TARGETED_DEVICE_FAMILY = "1,2";
			};
			name = Debug;
		};
		790D7A4E2011B86A00367249 /* Release */ = {
			isa = XCBuildConfiguration;
			baseConfigurationReference = 0FF0E37E464FA0580096437C /* Pods-VideoPlayerKVO.release.xcconfig */;
			buildSettings = {
				ASSETCATALOG_COMPILER_APPICON_NAME = AppIcon;
				CODE_SIGN_STYLE = Automatic;
				DEVELOPMENT_TEAM = W8695FX2Q8;
				INFOPLIST_FILE = VideoPlayerKVO/Info.plist;
				LD_RUNPATH_SEARCH_PATHS = "$(inherited) @executable_path/Frameworks";
				PRODUCT_BUNDLE_IDENTIFIER = com.LostRfounds.VideoPlayerKVO;
				PRODUCT_NAME = "$(TARGET_NAME)";
				SWIFT_VERSION = 4.0;
				TARGETED_DEVICE_FAMILY = "1,2";
			};
			name = Release;
		};
/* End XCBuildConfiguration section */

/* Begin XCConfigurationList section */
		790D7A352011B86A00367249 /* Build configuration list for PBXProject "VideoPlayerKVO" */ = {
			isa = XCConfigurationList;
			buildConfigurations = (
				790D7A4A2011B86A00367249 /* Debug */,
				790D7A4B2011B86A00367249 /* Release */,
			);
			defaultConfigurationIsVisible = 0;
			defaultConfigurationName = Release;
		};
		790D7A4C2011B86A00367249 /* Build configuration list for PBXNativeTarget "VideoPlayerKVO" */ = {
			isa = XCConfigurationList;
			buildConfigurations = (
				790D7A4D2011B86A00367249 /* Debug */,
				790D7A4E2011B86A00367249 /* Release */,
			);
			defaultConfigurationIsVisible = 0;
			defaultConfigurationName = Release;
		};
/* End XCConfigurationList section */
	};
	rootObject = 790D7A322011B86A00367249 /* Project object */;
}
